
Microsoft Visual Studio Solution File, Format Version 12.00
# Visual Studio Version 17
VisualStudioVersion = 17.5.002.0
MinimumVisualStudioVersion = 10.0.40219.1
Project("{9A19103F-16F7-4668-BE54-9A1E7A4F7556}") = "BackEnd.Api", "apps\backend\BackEnd.Api\BackEnd.Api.csproj", "{5F9F2363-B6D7-451C-AB51-C19FCDF6A592}"
EndProject
Global
	GlobalSection(SolutionConfigurationPlatforms) = preSolution
		Debug|Any CPU = Debug|Any CPU
		Release|Any CPU = Release|Any CPU
	EndGlobalSection
	GlobalSection(ProjectConfigurationPlatforms) = postSolution
		{5F9F2363-B6D7-451C-AB51-C19FCDF6A592}.Debug|Any CPU.ActiveCfg = Debug|Any CPU
		{5F9F2363-B6D7-451C-AB51-C19FCDF6A592}.Debug|Any CPU.Build.0 = Debug|Any CPU
		{5F9F2363-B6D7-451C-AB51-C19FCDF6A592}.Release|Any CPU.ActiveCfg = Release|Any CPU
		{5F9F2363-B6D7-451C-AB51-C19FCDF6A592}.Release|Any CPU.Build.0 = Release|Any CPU
	EndGlobalSection
	GlobalSection(SolutionProperties) = preSolution
		HideSolutionNode = FALSE
	EndGlobalSection
	GlobalSection(NestedProjects) = preSolution
		{16594BE2-9293-4FDB-902F-4AD7F6E03413} = {CF3105C9-9193-4D72-8FA8-0EBDE5DB3471}
		{5F9F2363-B6D7-451C-AB51-C19FCDF6A592} = {16594BE2-9293-4FDB-902F-4AD7F6E03413}
	EndGlobalSection
	GlobalSection(ExtensibilityGlobals) = postSolution
		SolutionGuid = {B83DE565-429D-4A7F-9607-91FFEF065146}
	EndGlobalSection
EndGlobal
